
Microsoft Visual Studio Solution File, Format Version 12.00
# Visual Studio Version 16
VisualStudioVersion = 16.0.29613.14
MinimumVisualStudioVersion = 10.0.40219.1
Project("{8BC9CEB8-8B4A-11D0-8D11-00A0C91BC942}") = "HashTableRansomNote", "HashTableRansomNote\HashTableRansomNote.vcxproj", "{830D6D55-BF0C-4222-8281-BF0FC00F37A1}"
EndProject
Global
	GlobalSection(SolutionConfigurationPlatforms) = preSolution
		Debug|x64 = Debug|x64
		Debug|x86 = Debug|x86
		Release|x64 = Release|x64
		Release|x86 = Release|x86
	EndGlobalSection
	GlobalSection(ProjectConfigurationPlatforms) = postSolution
		{830D6D55-BF0C-4222-8281-BF0FC00F37A1}.Debug|x64.ActiveCfg = Debug|x64
		{830D6D55-BF0C-4222-8281-BF0FC00F37A1}.Debug|x64.Build.0 = Debug|x64
		{830D6D55-BF0C-4222-8281-BF0FC00F37A1}.Debug|x86.ActiveCfg = Debug|Win32
		{830D6D55-BF0C-4222-8281-BF0FC00F37A1}.Debug|x86.Build.0 = Debug|Win32
		{830D6D55-BF0C-4222-8281-BF0FC00F37A1}.Release|x64.ActiveCfg = Release|x64
		{830D6D55-BF0C-4222-8281-BF0FC00F37A1}.Release|x64.Build.0 = Release|x64
		{830D6D55-BF0C-4222-8281-BF0FC00F37A1}.Release|x86.ActiveCfg = Release|Win32
		{830D6D55-BF0C-4222-8281-BF0FC00F37A1}.Release|x86.Build.0 = Release|Win32
	EndGlobalSection
	GlobalSection(SolutionProperties) = preSolution
		HideSolutionNode = FALSE
	EndGlobalSection
	GlobalSection(ExtensibilityGlobals) = postSolution
		SolutionGuid = {1ECD383C-034B-4763-988D-5F79AE8C3A78}
	EndGlobalSection
EndGlobal
